{
  "name": "psyntient-node-daemon",
  "lockfileVersion": 3,
  "requires": true,
  "packages": {
    "": {
      "name": "psyntient-node-daemon",
      "dependencies": {
        "@fugood/whisper.node": "^1.1.2"
      }
    },
    "node_modules/@fugood/node-whisper-darwin-arm64": {
      "version": "1.1.2",
      "resolved": "https://registry.npmjs.org/@fugood/node-whisper-darwin-arm64/-/node-whisper-darwin-arm64-1.1.2.tgz",
      "integrity": "sha512-GlDrvydP6RYAX385InB1DuwtnyOKSU037okTHKLLo9BIse5vIUgHUbms3qTp7lRoo8y6iZD3dwtiygTN7G1uVA==",
      "cpu": [
        "arm64"
      ],
      "license": "MIT",
      "optional": true,
      "os": [
        "darwin"
      ]
    },
    "node_modules/@fugood/node-whisper-darwin-x64": {
      "version": "1.1.2",
      "resolved": "https://registry.npmjs.org/@fugood/node-whisper-darwin-x64/-/node-whisper-darwin-x64-1.1.2.tgz",
      "integrity": "sha512-9z7UiBW63cbYbv8xnx8miUgKZF/4pVBv7cHfBRrliPHCC4bpBKTmSjgTobry3Q5HxT0FWdWBhqwD+L6EbhzxIQ==",
      "cpu": [
        "x64"
      ],
      "license": "MIT",
      "optional": true,
      "os": [
        "darwin"
      ]
    },
    "node_modules/@fugood/node-whisper-linux-arm64": {
      "version": "1.1.2",
      "resolved": "https://registry.npmjs.org/@fugood/node-whisper-linux-arm64/-/node-whisper-linux-arm64-1.1.2.tgz",
      "integrity": "sha512-wr0JlyhPlUJU1m/bkQOdK34gLKThMA/9jpkDgp7LgnxYXNZRbHBwvmRInpdx6iDLrNAffcDLo0MUUtWfMFXn9A==",
      "cpu": [
        "arm64"
      ],
      "license": "MIT",
      "optional": true,
      "os": [
        "linux"
      ]
    },
    "node_modules/@fugood/node-whisper-linux-arm64-cuda": {
      "version": "1.1.2",
      "resolved": "https://registry.npmjs.org/@fugood/node-whisper-linux-arm64-cuda/-/node-whisper-linux-arm64-cuda-1.1.2.tgz",
      "integrity": "sha512-0WqYM7g3XA0y9bOy4uMo1nbsIsrKa+V89yE5JReNBAHpwFUJQH29CdQiTdyVQ2ZCsil7lCx/mqKWzpF/sfgJKA==",
      "cpu": [
        "arm64"
      ],
      "license": "MIT",
      "optional": true,
      "os": [
        "linux"
      ]
    },
    "node_modules/@fugood/node-whisper-linux-arm64-vulkan": {
      "version": "1.1.2",
      "resolved": "https://registry.npmjs.org/@fugood/node-whisper-linux-arm64-vulkan/-/node-whisper-linux-arm64-vulkan-1.1.2.tgz",
      "integrity": "sha512-eP/1/M06DHIe3RPI8HptRP2iVAUFe30Idq7iW4DZ4KFyXpeb20bqCSBiY0wP11LzDKEdpmrZp4lOfoDtb666pg==",
      "cpu": [
        "arm64"
      ],
      "license": "MIT",
      "optional": true,
      "os": [
        "linux"
      ]
    },
    "node_modules/@fugood/node-whisper-linux-x64": {
      "version": "1.1.2",
      "resolved": "https://registry.npmjs.org/@fugood/node-whisper-linux-x64/-/node-whisper-linux-x64-1.1.2.tgz",
      "integrity": "sha512-P/BPUaI2CvfTsYD11braySPCUcv3XG/RXJ7dQt80DtlMc3zSUt5xB/NKVweZ/Dg0SVFLM+qHoVBa7Yi0+NMdBg==",
      "cpu": [
        "x64"
      ],
      "license": "MIT",
      "optional": true,
      "os": [
        "linux"
      ]
    },
    "node_modules/@fugood/node-whisper-linux-x64-cuda": {
      "version": "1.1.2",
      "resolved": "https://registry.npmjs.org/@fugood/node-whisper-linux-x64-cuda/-/node-whisper-linux-x64-cuda-1.1.2.tgz",
      "integrity": "sha512-lsbQk84qmCJrwIOQk06zwycDGneapDsqVkyyHZw46zxnpiceye6U8t+x39AncFVTfM16AO6fhEi3MCiXN0/d9w==",
      "cpu": [
        "x64"
      ],
      "license": "MIT",
      "optional": true,
      "os": [
        "linux"
      ]
    },
    "node_modules/@fugood/node-whisper-linux-x64-vulkan": {
      "version": "1.1.2",
      "resolved": "https://registry.npmjs.org/@fugood/node-whisper-linux-x64-vulkan/-/node-whisper-linux-x64-vulkan-1.1.2.tgz",
      "integrity": "sha512-yuwWmUAEJPRh0N0mkVRBtueZAbONLQ0eeVOq1GtubTDRaOzdg5cjMs9P9CDgJ9E/0E0MgH3FKrn4ARFJsZaJkw==",
      "cpu": [
        "x64"
      ],
      "license": "MIT",
      "optional": true,
      "os": [
        "linux"
      ]
    },
    "node_modules/@fugood/node-whisper-wasm": {
      "version": "1.1.2",
      "resolved": "https://registry.npmjs.org/@fugood/node-whisper-wasm/-/node-whisper-wasm-1.1.2.tgz",
      "integrity": "sha512-EOqJCnd0sn7JIjPRGU9ebBRbHsQWAebhHV5XGh0P1vH366azqo0KDvZTzSOSkvT885prjlafMlyG2xRDG9d07Q==",
      "license": "MIT",
      "optional": true
    },
    "node_modules/@fugood/node-whisper-win32-arm64": {
      "version": "1.1.2",
      "resolved": "https://registry.npmjs.org/@fugood/node-whisper-win32-arm64/-/node-whisper-win32-arm64-1.1.2.tgz",
      "integrity": "sha512-ZihdO6cnNZ9Iy7d8hb8b++G0omkS8AdLf//NtDSaLKZnqwqOTMtCr50E539Aq1vOnwFxNOHJaKT+lBWB+yjZFg==",
      "cpu": [
        "arm64"
      ],
      "license": "MIT",
      "optional": true,
      "os": [
        "win32"
      ]
    },
    "node_modules/@fugood/node-whisper-win32-arm64-vulkan": {
      "version": "1.1.2",
      "resolved": "https://registry.npmjs.org/@fugood/node-whisper-win32-arm64-vulkan/-/node-whisper-win32-arm64-vulkan-1.1.2.tgz",
      "integrity": "sha512-xN0exdWLtR4e4WdXzaERvTtbstVYyOzdPttbpNbU4N1T4DUE4KNJ4Ae/4nog5P5TRirQOdrP5xzzIzIpEEj0kg==",
      "cpu": [
        "arm64"
      ],
      "license": "MIT",
      "optional": true,
      "os": [
        "win32"
      ]
    },
    "node_modules/@fugood/node-whisper-win32-x64": {
      "version": "1.1.2",
      "resolved": "https://registry.npmjs.org/@fugood/node-whisper-win32-x64/-/node-whisper-win32-x64-1.1.2.tgz",
      "integrity": "sha512-xtIhjvAMc5EHDGXq/zughIFVRfSVcRsynMK8UaJ1b995eaPPt7lHRxijPQsG+xjcgeyHD8QNk/wc8Cz9dJxOuA==",
      "cpu": [
        "x64"
      ],
      "license": "MIT",
      "optional": true,
      "os": [
        "win32"
      ]
    },
    "node_modules/@fugood/node-whisper-win32-x64-cuda": {
      "version": "1.1.2",
      "resolved": "https://registry.npmjs.org/@fugood/node-whisper-win32-x64-cuda/-/node-whisper-win32-x64-cuda-1.1.2.tgz",
      "integrity": "sha512-3zf5ViXmUsh9kchJbVOOoGuzaI9n6hiBbhfWN5zdqZv3CZdJB150RHv5huXDOhOwtKyGW5lvhDOblCdLU7QT7g==",
      "cpu": [
        "x64"
      ],
      "license": "MIT",
      "optional": true,
      "os": [
        "win32"
      ]
    },
    "node_modules/@fugood/node-whisper-win32-x64-vulkan": {
      "version": "1.1.2",
      "resolved": "https://registry.npmjs.org/@fugood/node-whisper-win32-x64-vulkan/-/node-whisper-win32-x64-vulkan-1.1.2.tgz",
      "integrity": "sha512-iqyhTUHTOTxOYn6C4JRS9o3Tl9U7tHwW7I4i+q22lUk7oiPmmpT9qxZyjJUiZCm3Wl5ZBNmDn9Ok7PgzZwEPxg==",
      "cpu": [
        "x64"
      ],
      "license": "MIT",
      "optional": true,
      "os": [
        "win32"
      ]
    },
    "node_modules/@fugood/whisper.node": {
      "version": "1.1.2",
      "resolved": "https://registry.npmjs.org/@fugood/whisper.node/-/whisper.node-1.1.2.tgz",
      "integrity": "sha512-zoqGq6mQZZdtwVw/Vn3ofBPparpTVv/cAw6W2li1btkyi7PB/pM1EJt7xeH4gSuF9LNLZMnO+/UYrs2CdowKlQ==",
      "hasInstallScript": true,
      "license": "MIT",
      "engines": {
        "node": ">=16.0.0"
      },
      "optionalDependencies": {
        "@fugood/node-whisper-darwin-arm64": "1.1.2",
        "@fugood/node-whisper-darwin-x64": "1.1.2",
        "@fugood/node-whisper-linux-arm64": "1.1.2",
        "@fugood/node-whisper-linux-arm64-cuda": "1.1.2",
        "@fugood/node-whisper-linux-arm64-vulkan": "1.1.2",
        "@fugood/node-whisper-linux-x64": "1.1.2",
        "@fugood/node-whisper-linux-x64-cuda": "1.1.2",
        "@fugood/node-whisper-linux-x64-vulkan": "1.1.2",
        "@fugood/node-whisper-wasm": "1.1.2",
        "@fugood/node-whisper-win32-arm64": "1.1.2",
        "@fugood/node-whisper-win32-arm64-vulkan": "1.1.2",
        "@fugood/node-whisper-win32-x64": "1.1.2",
        "@fugood/node-whisper-win32-x64-cuda": "1.1.2",
        "@fugood/node-whisper-win32-x64-vulkan": "1.1.2"
      }
    }
  }
}
